// !$*UTF8*$!
{
	archiveVersion = 1;
	classes = {
	};
	objectVersion = 55;
	objects = {

/* Begin PBXBuildFile section */
		3F92E6752858A0BF00FCB5EC /* sVC.swift in Sources */ = {isa = PBXBuildFile; fileRef = 3F92E6742858A0BF00FCB5EC /* sVC.swift */; };
		3F92E6772858A27500FCB5EC /* MyTableViewCell.swift in Sources */ = {isa = PBXBuildFile; fileRef = 3F92E6762858A27500FCB5EC /* MyTableViewCell.swift */; };
		3FFF4A8B28589E9C0016A848 /* AppDelegate.swift in Sources */ = {isa = PBXBuildFile; fileRef = 3FFF4A8A28589E9C0016A848 /* AppDelegate.swift */; };
		3FFF4A8D28589E9C0016A848 /* SceneDelegate.swift in Sources */ = {isa = PBXBuildFile; fileRef = 3FFF4A8C28589E9C0016A848 /* SceneDelegate.swift */; };
		3FFF4A8F28589E9C0016A848 /* ViewController.swift in Sources */ = {isa = PBXBuildFile; fileRef = 3FFF4A8E28589E9C0016A848 /* ViewController.swift */; };
		3FFF4A9228589E9C0016A848 /* Main.storyboard in Resources */ = {isa = PBXBuildFile; fileRef = 3FFF4A9028589E9C0016A848 /* Main.storyboard */; };
		3FFF4A9428589E9D0016A848 /* Assets.xcassets in Resources */ = {isa = PBXBuildFile; fileRef = 3FFF4A9328589E9D0016A848 /* Assets.xcassets */; };
		3FFF4A9728589E9D0016A848 /* LaunchScreen.storyboard in Resources */ = {isa = PBXBuildFile; fileRef = 3FFF4A9528589E9D0016A848 /* LaunchScreen.storyboard */; };
		95038FF38C0DC5FB984A9120 /* Pods_babo.framework in Frameworks */ = {isa = PBXBuildFile; fileRef = 71FA14C386C78429133BC038 /* Pods_babo.framework */; };
/* End PBXBuildFile section */

/* Begin PBXFileReference section */
		3F92E6742858A0BF00FCB5EC /* sVC.swift */ = {isa = PBXFileReference; lastKnownFileType = sourcecode.swift; path = sVC.swift; sourceTree = "<group>"; };
		3F92E6762858A27500FCB5EC /* MyTableViewCell.swift */ = {isa = PBXFileReference; lastKnownFileType = sourcecode.swift; path = MyTableViewCell.swift; sourceTree = "<group>"; };
		3FFF4A8728589E9C0016A848 /* babo.app */ = {isa = PBXFileReference; explicitFileType = wrapper.application; includeInIndex = 0; path = babo.app; sourceTree = BUILT_PRODUCTS_DIR; };
		3FFF4A8A28589E9C0016A848 /* AppDelegate.swift */ = {isa = PBXFileReference; lastKnownFileType = sourcecode.swift; path = AppDelegate.swift; sourceTree = "<group>"; };
		3FFF4A8C28589E9C0016A848 /* SceneDelegate.swift */ = {isa = PBXFileReference; lastKnownFileType = sourcecode.swift; path = SceneDelegate.swift; sourceTree = "<group>"; };
		3FFF4A8E28589E9C0016A848 /* ViewController.swift */ = {isa = PBXFileReference; lastKnownFileType = sourcecode.swift; path = ViewController.swift; sourceTree = "<group>"; };
		3FFF4A9128589E9C0016A848 /* Base */ = {isa = PBXFileReference; lastKnownFileType = file.storyboard; name = Base; path = Base.lproj/Main.storyboard; sourceTree = "<group>"; };
		3FFF4A9328589E9D0016A848 /* Assets.xcassets */ = {isa = PBXFileReference; lastKnownFileType = folder.assetcatalog; path = Assets.xcassets; sourceTree = "<group>"; };
		3FFF4A9628589E9D0016A848 /* Base */ = {isa = PBXFileReference; lastKnownFileType = file.storyboard; name = Base; path = Base.lproj/LaunchScreen.storyboard; sourceTree = "<group>"; };
		3FFF4A9828589E9D0016A848 /* Info.plist */ = {isa = PBXFileReference; lastKnownFileType = text.plist.xml; path = Info.plist; sourceTree = "<group>"; };
		49F4353341CD9D0E57B4A1A8 /* Pods-babo.release.xcconfig */ = {isa = PBXFileReference; includeInIndex = 1; lastKnownFileType = text.xcconfig; name = "Pods-babo.release.xcconfig"; path = "Target Support Files/Pods-babo/Pods-babo.release.xcconfig"; sourceTree = "<group>"; };
		71FA14C386C78429133BC038 /* Pods_babo.framework */ = {isa = PBXFileReference; explicitFileType = wrapper.framework; includeInIndex = 0; path = Pods_babo.framework; sourceTree = BUILT_PRODUCTS_DIR; };
		8C6E70C5F6C5AF3249832220 /* Pods-babo.debug.xcconfig */ = {isa = PBXFileReference; includeInIndex = 1; lastKnownFileType = text.xcconfig; name = "Pods-babo.debug.xcconfig"; path = "Target Support Files/Pods-babo/Pods-babo.debug.xcconfig"; sourceTree = "<group>"; };
/* End PBXFileReference section */

/* Begin PBXFrameworksBuildPhase section */
		3FFF4A8428589E9C0016A848 /* Frameworks */ = {
			isa = PBXFrameworksBuildPhase;
			buildActionMask = 2147483647;
			files = (
				95038FF38C0DC5FB984A9120 /* Pods_babo.framework in Frameworks */,
			);
			runOnlyForDeploymentPostprocessing = 0;
		};
/* End PBXFrameworksBuildPhase section */

/* Begin PBXGroup section */
		3FFF4A7E28589E9C0016A848 = {
			isa = PBXGroup;
			children = (
				3FFF4A8928589E9C0016A848 /* babo */,
				3FFF4A8828589E9C0016A848 /* Products */,
				F68260D664E042C55B6E627D /* Pods */,
				B62020FC05F8459DA2526FAA /* Frameworks */,
			);
			sourceTree = "<group>";
		};
		3FFF4A8828589E9C0016A848 /* Products */ = {
			isa = PBXGroup;
			children = (
				3FFF4A8728589E9C0016A848 /* babo.app */,
			);
			name = Products;
			sourceTree = "<group>";
		};
		3FFF4A8928589E9C0016A848 /* babo */ = {
			isa = PBXGroup;
			children = (
				3FFF4A8A28589E9C0016A848 /* AppDelegate.swift */,
				3FFF4A8C28589E9C0016A848 /* SceneDelegate.swift */,
				3FFF4A8E28589E9C0016A848 /* ViewController.swift */,
				3F92E6762858A27500FCB5EC /* MyTableViewCell.swift */,
				3FFF4A9028589E9C0016A848 /* Main.storyboard */,
				3FFF4A9328589E9D0016A848 /* Assets.xcassets */,
				3FFF4A9528589E9D0016A848 /* LaunchScreen.storyboard */,
				3FFF4A9828589E9D0016A848 /* Info.plist */,
				3F92E6742858A0BF00FCB5EC /* sVC.swift */,
			);
			path = babo;
			sourceTree = "<group>";
		};
		B62020FC05F8459DA2526FAA /* Frameworks */ = {
			isa = PBXGroup;
			children = (
				71FA14C386C78429133BC038 /* Pods_babo.framework */,
			);
			name = Frameworks;
			sourceTree = "<group>";
		};
		F68260D664E042C55B6E627D /* Pods */ = {
			isa = PBXGroup;
			children = (
				8C6E70C5F6C5AF3249832220 /* Pods-babo.debug.xcconfig */,
				49F4353341CD9D0E57B4A1A8 /* Pods-babo.release.xcconfig */,
			);
			path = Pods;
			sourceTree = "<group>";
		};
/* End PBXGroup section */

/* Begin PBXNativeTarget section */
		3FFF4A8628589E9C0016A848 /* babo */ = {
			isa = PBXNativeTarget;
			buildConfigurationList = 3FFF4A9B28589E9D0016A848 /* Build configuration list for PBXNativeTarget "babo" */;
			buildPhases = (
				DE7404DB92BC9A1CCEED3EDE /* [CP] Check Pods Manifest.lock */,
				3FFF4A8328589E9C0016A848 /* Sources */,
				3FFF4A8428589E9C0016A848 /* Frameworks */,
				3FFF4A8528589E9C0016A848 /* Resources */,
				7ABC820EB954B43B5873DA54 /* [CP] Embed Pods Frameworks */,
			);
			buildRules = (
			);
			dependencies = (
			);
			name = babo;
			productName = babo;
			productReference = 3FFF4A8728589E9C0016A848 /* babo.app */;
			productType = "com.apple.product-type.application";
		};
/* End PBXNativeTarget section */

/* Begin PBXProject section */
		3FFF4A7F28589E9C0016A848 /* Project object */ = {
			isa = PBXProject;
			attributes = {
				BuildIndependentTargetsInParallel = 1;
				LastSwiftUpdateCheck = 1330;
				LastUpgradeCheck = 1330;
				TargetAttributes = {
					3FFF4A8628589E9C0016A848 = {
						CreatedOnToolsVersion = 13.3;
					};
				};
			};
			buildConfigurationList = 3FFF4A8228589E9C0016A848 /* Build configuration list for PBXProject "babo" */;
			compatibilityVersion = "Xcode 13.0";
			developmentRegion = en;
			hasScannedForEncodings = 0;
			knownRegions = (
				en,
				Base,
			);
			mainGroup = 3FFF4A7E28589E9C0016A848;
			productRefGroup = 3FFF4A8828589E9C0016A848 /* Products */;
			projectDirPath = "";
			projectRoot = "";
			targets = (
				3FFF4A8628589E9C0016A848 /* babo */,
			);
		};
/* End PBXProject section */

/* Begin PBXResourcesBuildPhase section */
		3FFF4A8528589E9C0016A848 /* Resources */ = {
			isa = PBXResourcesBuildPhase;
			buildActionMask = 2147483647;
			files = (
				3FFF4A9728589E9D0016A848 /* LaunchScreen.storyboard in Resources */,
				3FFF4A9428589E9D0016A848 /* Assets.xcassets in Resources */,
				3FFF4A9228589E9C0016A848 /* Main.storyboard in Resources */,
			);
			runOnlyForDeploymentPostprocessing = 0;
		};
/* End PBXResourcesBuildPhase section */

/* Begin PBXShellScriptBuildPhase section */
		7ABC820EB954B43B5873DA54 /* [CP] Embed Pods Frameworks */ = {
			isa = PBXShellScriptBuildPhase;
			buildActionMask = 2147483647;
			files = (
			);
			inputFileListPaths = (
				"${PODS_ROOT}/Target Support Files/Pods-babo/Pods-babo-frameworks-${CONFIGURATION}-input-files.xcfilelist",
			);
			name = "[CP] Embed Pods Frameworks";
			outputFileListPaths = (
				"${PODS_ROOT}/Target Support Files/Pods-babo/Pods-babo-frameworks-${CONFIGURATION}-output-files.xcfilelist",
			);
			runOnlyForDeploymentPostprocessing = 0;
			shellPath = /bin/sh;
			shellScript = "\"${PODS_ROOT}/Target Support Files/Pods-babo/Pods-babo-frameworks.sh\"\n";
			showEnvVarsInLog = 0;
		};
		DE7404DB92BC9A1CCEED3EDE /* [CP] Check Pods Manifest.lock */ = {
			isa = PBXShellScriptBuildPhase;
			buildActionMask = 2147483647;
			files = (
			);
			inputFileListPaths = (
			);
			inputPaths = (
				"${PODS_PODFILE_DIR_PATH}/Podfile.lock",
				"${PODS_ROOT}/Manifest.lock",
			);
			name = "[CP] Check Pods Manifest.lock";
			outputFileListPaths = (
			);
			outputPaths = (
				"$(DERIVED_FILE_DIR)/Pods-babo-checkManifestLockResult.txt",
			);
			runOnlyForDeploymentPostprocessing = 0;
			shellPath = /bin/sh;
			shellScript = "diff \"${PODS_PODFILE_DIR_PATH}/Podfile.lock\" \"${PODS_ROOT}/Manifest.lock\" > /dev/null\nif [ $? != 0 ] ; then\n    # print error to STDERR\n    echo \"error: The sandbox is not in sync with the Podfile.lock. Run 'pod install' or update your CocoaPods installation.\" >&2\n    exit 1\nfi\n# This output is used by Xcode 'outputs' to avoid re-running this script phase.\necho \"SUCCESS\" > \"${SCRIPT_OUTPUT_FILE_0}\"\n";
			showEnvVarsInLog = 0;
		};
/* End PBXShellScriptBuildPhase section */

/* Begin PBXSourcesBuildPhase section */
		3FFF4A8328589E9C0016A848 /* Sources */ = {
			isa = PBXSourcesBuildPhase;
			buildActionMask = 2147483647;
			files = (
				3F92E6752858A0BF00FCB5EC /* sVC.swift in Sources */,
				3FFF4A8F28589E9C0016A848 /* ViewController.swift in Sources */,
				3FFF4A8B28589E9C0016A848 /* AppDelegate.swift in Sources */,
				3F92E6772858A27500FCB5EC /* MyTableViewCell.swift in Sources */,
				3FFF4A8D28589E9C0016A848 /* SceneDelegate.swift in Sources */,
			);
			runOnlyForDeploymentPostprocessing = 0;
		};
/* End PBXSourcesBuildPhase section */

/* Begin PBXVariantGroup section */
		3FFF4A9028589E9C0016A848 /* Main.storyboard */ = {
			isa = PBXVariantGroup;
			children = (
				3FFF4A9128589E9C0016A848 /* Base */,
			);
			name = Main.storyboard;
			sourceTree = "<group>";
		};
		3FFF4A9528589E9D0016A848 /* LaunchScreen.storyboard */ = {
			isa = PBXVariantGroup;
			children = (
				3FFF4A9628589E9D0016A848 /* Base */,
			);
			name = LaunchScreen.storyboard;
			sourceTree = "<group>";
		};
/* End PBXVariantGroup section */

/* Begin XCBuildConfiguration section */
		3FFF4A9928589E9D0016A848 /* Debug */ = {
			isa = XCBuildConfiguration;
			buildSettings = {
				ALWAYS_SEARCH_USER_PATHS = NO;
				CLANG_ANALYZER_NONNULL = YES;
				CLANG_ANALYZER_NUMBER_OBJECT_CONVERSION = YES_AGGRESSIVE;
				CLANG_CXX_LANGUAGE_STANDARD = "gnu++17";
				CLANG_ENABLE_MODULES = YES;
				CLANG_ENABLE_OBJC_ARC = YES;
				CLANG_ENABLE_OBJC_WEAK = YES;
				CLANG_WARN_BLOCK_CAPTURE_AUTORELEASING = YES;
				CLANG_WARN_BOOL_CONVERSION = YES;
				CLANG_WARN_COMMA = YES;
				CLANG_WARN_CONSTANT_CONVERSION = YES;
				CLANG_WARN_DEPRECATED_OBJC_IMPLEMENTATIONS = YES;
				CLANG_WARN_DIRECT_OBJC_ISA_USAGE = YES_ERROR;
				CLANG_WARN_DOCUMENTATION_COMMENTS = YES;
				CLANG_WARN_EMPTY_BODY = YES;
				CLANG_WARN_ENUM_CONVERSION = YES;
				CLANG_WARN_INFINITE_RECURSION = YES;
				CLANG_WARN_INT_CONVERSION = YES;
				CLANG_WARN_NON_LITERAL_NULL_CONVERSION = YES;
				CLANG_WARN_OBJC_IMPLICIT_RETAIN_SELF = YES;
				CLANG_WARN_OBJC_LITERAL_CONVERSION = YES;
				CLANG_WARN_OBJC_ROOT_CLASS = YES_ERROR;
				CLANG_WARN_QUOTED_INCLUDE_IN_FRAMEWORK_HEADER = YES;
				CLANG_WARN_RANGE_LOOP_ANALYSIS = YES;
				CLANG_WARN_STRICT_PROTOTYPES = YES;
				CLANG_WARN_SUSPICIOUS_MOVE = YES;
				CLANG_WARN_UNGUARDED_AVAILABILITY = YES_AGGRESSIVE;
				CLANG_WARN_UNREACHABLE_CODE = YES;
				CLANG_WARN__DUPLICATE_METHOD_MATCH = YES;
				COPY_PHASE_STRIP = NO;
				DEBUG_INFORMATION_FORMAT = dwarf;
				ENABLE_STRICT_OBJC_MSGSEND = YES;
				ENABLE_TESTABILITY = YES;
				GCC_C_LANGUAGE_STANDARD = gnu11;
				GCC_DYNAMIC_NO_PIC = NO;
				GCC_NO_COMMON_BLOCKS = YES;
				GCC_OPTIMIZATION_LEVEL = 0;
				GCC_PREPROCESSOR_DEFINITIONS = (
					"DEBUG=1",
					"$(inherited)",
				);
				GCC_WARN_64_TO_32_BIT_CONVERSION = YES;
				GCC_WARN_ABOUT_RETURN_TYPE = YES_ERROR;
				GCC_WARN_UNDECLARED_SELECTOR = YES;
				GCC_WARN_UNINITIALIZED_AUTOS = YES_AGGRESSIVE;
				GCC_WARN_UNUSED_FUNCTION = YES;
				GCC_WARN_UNUSED_VARIABLE = YES;
				IPHONEOS_DEPLOYMENT_TARGET = 15.4;
				MTL_ENABLE_DEBUG_INFO = INCLUDE_SOURCE;
				MTL_FAST_MATH = YES;
				ONLY_ACTIVE_ARCH = YES;
				SDKROOT = iphoneos;
				SWIFT_ACTIVE_COMPILATION_CONDITIONS = DEBUG;
				SWIFT_OPTIMIZATION_LEVEL = "-Onone";
			};
			name = Debug;
		};
		3FFF4A9A28589E9D0016A848 /* Release */ = {
			isa = XCBuildConfiguration;
			buildSettings = {
				ALWAYS_SEARCH_USER_PATHS = NO;
				CLANG_ANALYZER_NONNULL = YES;
				CLANG_ANALYZER_NUMBER_OBJECT_CONVERSION = YES_AGGRESSIVE;
				CLANG_CXX_LANGUAGE_STANDARD = "gnu++17";
				CLANG_ENABLE_MODULES = YES;
				CLANG_ENABLE_OBJC_ARC = YES;
				CLANG_ENABLE_OBJC_WEAK = YES;
				CLANG_WARN_BLOCK_CAPTURE_AUTORELEASING = YES;
				CLANG_WARN_BOOL_CONVERSION = YES;
				CLANG_WARN_COMMA = YES;
				CLANG_WARN_CONSTANT_CONVERSION = YES;
				CLANG_WARN_DEPRECATED_OBJC_IMPLEMENTATIONS = YES;
				CLANG_WARN_DIRECT_OBJC_ISA_USAGE = YES_ERROR;
				CLANG_WARN_DOCUMENTATION_COMMENTS = YES;
				CLANG_WARN_EMPTY_BODY = YES;
				CLANG_WARN_ENUM_CONVERSION = YES;
				CLANG_WARN_INFINITE_RECURSION = YES;
				CLANG_WARN_INT_CONVERSION = YES;
				CLANG_WARN_NON_LITERAL_NULL_CONVERSION = YES;
				CLANG_WARN_OBJC_IMPLICIT_RETAIN_SELF = YES;
				CLANG_WARN_OBJC_LITERAL_CONVERSION = YES;
				CLANG_WARN_OBJC_ROOT_CLASS = YES_ERROR;
				CLANG_WARN_QUOTED_INCLUDE_IN_FRAMEWORK_HEADER = YES;
				CLANG_WARN_RANGE_LOOP_ANALYSIS = YES;
				CLANG_WARN_STRICT_PROTOTYPES = YES;
				CLANG_WARN_SUSPICIOUS_MOVE = YES;
				CLANG_WARN_UNGUARDED_AVAILABILITY = YES_AGGRESSIVE;
				CLANG_WARN_UNREACHABLE_CODE = YES;
				CLANG_WARN__DUPLICATE_METHOD_MATCH = YES;
				COPY_PHASE_STRIP = NO;
				DEBUG_INFORMATION_FORMAT = "dwarf-with-dsym";
				ENABLE_NS_ASSERTIONS = NO;
				ENABLE_STRICT_OBJC_MSGSEND = YES;
				GCC_C_LANGUAGE_STANDARD = gnu11;
				GCC_NO_COMMON_BLOCKS = YES;
				GCC_WARN_64_TO_32_BIT_CONVERSION = YES;
				GCC_WARN_ABOUT_RETURN_TYPE = YES_ERROR;
				GCC_WARN_UNDECLARED_SELECTOR = YES;
				GCC_WARN_UNINITIALIZED_AUTOS = YES_AGGRESSIVE;
				GCC_WARN_UNUSED_FUNCTION = YES;
				GCC_WARN_UNUSED_VARIABLE = YES;
				IPHONEOS_DEPLOYMENT_TARGET = 15.4;
				MTL_ENABLE_DEBUG_INFO = NO;
				MTL_FAST_MATH = YES;
				SDKROOT = iphoneos;
				SWIFT_COMPILATION_MODE = wholemodule;
				SWIFT_OPTIMIZATION_LEVEL = "-O";
				VALIDATE_PRODUCT = YES;
			};
			name = Release;
		};
		3FFF4A9C28589E9D0016A848 /* Debug */ = {
			isa = XCBuildConfiguration;
			baseConfigurationReference = 8C6E70C5F6C5AF3249832220 /* Pods-babo.debug.xcconfig */;
			buildSettings = {
				ASSETCATALOG_COMPILER_APPICON_NAME = AppIcon;
				ASSETCATALOG_COMPILER_GLOBAL_ACCENT_COLOR_NAME = AccentColor;
				CODE_SIGN_STYLE = Automatic;
				CURRENT_PROJECT_VERSION = 1;
				DEVELOPMENT_TEAM = B8B7L582Q4;
				GENERATE_INFOPLIST_FILE = YES;
				INFOPLIST_FILE = babo/Info.plist;
				INFOPLIST_KEY_UIApplicationSupportsIndirectInputEvents = YES;
				INFOPLIST_KEY_UILaunchStoryboardName = LaunchScreen;
				INFOPLIST_KEY_UIMainStoryboardFile = Main;
				INFOPLIST_KEY_UISupportedInterfaceOrientations_iPad = "UIInterfaceOrientationPortrait UIInterfaceOrientationPortraitUpsideDown UIInterfaceOrientationLandscapeLeft UIInterfaceOrientationLandscapeRight";
				INFOPLIST_KEY_UISupportedInterfaceOrientations_iPhone = "UIInterfaceOrientationPortrait UIInterfaceOrientationLandscapeLeft UIInterfaceOrientationLandscapeRight";
				LD_RUNPATH_SEARCH_PATHS = (
					"$(inherited)",
					"@executable_path/Frameworks",
				);
				MARKETING_VERSION = 1.0;
				PRODUCT_BUNDLE_IDENTIFIER = com.InHyeKang.babo;
				PRODUCT_NAME = "$(TARGET_NAME)";
				SWIFT_EMIT_LOC_STRINGS = YES;
				SWIFT_VERSION = 5.0;
				TARGETED_DEVICE_FAMILY = "1,2";
			};
			name = Debug;
		};
		3FFF4A9D28589E9D0016A848 /* Release */ = {
			isa = XCBuildConfiguration;
			baseConfigurationReference = 49F4353341CD9D0E57B4A1A8 /* Pods-babo.release.xcconfig */;
			buildSettings = {
				ASSETCATALOG_COMPILER_APPICON_NAME = AppIcon;
				ASSETCATALOG_COMPILER_GLOBAL_ACCENT_COLOR_NAME = AccentColor;
				CODE_SIGN_STYLE = Automatic;
				CURRENT_PROJECT_VERSION = 1;
				DEVELOPMENT_TEAM = B8B7L582Q4;
				GENERATE_INFOPLIST_FILE = YES;
				INFOPLIST_FILE = babo/Info.plist;
				INFOPLIST_KEY_UIApplicationSupportsIndirectInputEvents = YES;
				INFOPLIST_KEY_UILaunchStoryboardName = LaunchScreen;
				INFOPLIST_KEY_UIMainStoryboardFile = Main;
				INFOPLIST_KEY_UISupportedInterfaceOrientations_iPad = "UIInterfaceOrientationPortrait UIInterfaceOrientationPortraitUpsideDown UIInterfaceOrientationLandscapeLeft UIInterfaceOrientationLandscapeRight";
				INFOPLIST_KEY_UISupportedInterfaceOrientations_iPhone = "UIInterfaceOrientationPortrait UIInterfaceOrientationLandscapeLeft UIInterfaceOrientationLandscapeRight";
				LD_RUNPATH_SEARCH_PATHS = (
					"$(inherited)",
					"@executable_path/Frameworks",
				);
				MARKETING_VERSION = 1.0;
				PRODUCT_BUNDLE_IDENTIFIER = com.InHyeKang.babo;
				PRODUCT_NAME = "$(TARGET_NAME)";
				SWIFT_EMIT_LOC_STRINGS = YES;
				SWIFT_VERSION = 5.0;
				TARGETED_DEVICE_FAMILY = "1,2";
			};
			name = Release;
		};
/* End XCBuildConfiguration section */

/* Begin XCConfigurationList section */
		3FFF4A8228589E9C0016A848 /* Build configuration list for PBXProject "babo" */ = {
			isa = XCConfigurationList;
			buildConfigurations = (
				3FFF4A9928589E9D0016A848 /* Debug */,
				3FFF4A9A28589E9D0016A848 /* Release */,
			);
			defaultConfigurationIsVisible = 0;
			defaultConfigurationName = Release;
		};
		3FFF4A9B28589E9D0016A848 /* Build configuration list for PBXNativeTarget "babo" */ = {
			isa = XCConfigurationList;
			buildConfigurations = (
				3FFF4A9C28589E9D0016A848 /* Debug */,
				3FFF4A9D28589E9D0016A848 /* Release */,
			);
			defaultConfigurationIsVisible = 0;
			defaultConfigurationName = Release;
		};
/* End XCConfigurationList section */
	};
	rootObject = 3FFF4A7F28589E9C0016A848 /* Project object */;
}
